<?xml version="1.0" encoding="utf-8"?>
<Project ToolsVersion="4.0" xmlns="http://schemas.microsoft.com/developer/msbuild/2003">
  <ItemGroup>
    <Filter Include="Include">
      <UniqueIdentifier>{b61a31ad-44af-440c-aa70-5516b82f9292}</UniqueIdentifier>
    </Filter>
    <Filter Include="Include\Computables">
      <UniqueIdentifier>{c298721b-d1b0-4549-b8f5-6bea6c04e951}</UniqueIdentifier>
    </Filter>
    <Filter Include="Include\Documents">
      <UniqueIdentifier>{9d7d2eb5-c79a-4d9b-ae26-2ae36a388869}</UniqueIdentifier>
    </Filter>
    <Filter Include="Include\Items">
      <UniqueIdentifier>{e2b5bdbd-eee4-4a77-a616-491af4107f62}</UniqueIdentifier>
    </Filter>
    <Filter Include="Include\Properties">
      <UniqueIdentifier>{e82f39a2-1723-487d-96ad-339c927180ec}</UniqueIdentifier>
    </Filter>
    <Filter Include="Include\Items\Criterias">
      <UniqueIdentifier>{ccd2b543-9ea8-4820-8306-b843f6f5bffe}</UniqueIdentifier>
    </Filter>
    <Filter Include="Include\Items\Images">
      <UniqueIdentifier>{3e19fe67-f231-4587-98f0-a13ed17e50f5}</UniqueIdentifier>
    </Filter>
    <Filter Include="Include\Items\InspInfos">
      <UniqueIdentifier>{38e47322-ed02-4289-ba47-4b58b2562813}</UniqueIdentifier>
    </Filter>
    <Filter Include="Include\Items\Numericals">
      <UniqueIdentifier>{54a0aada-b626-417e-9a23-5dfe30e84487}</UniqueIdentifier>
    </Filter>
    <Filter Include="Include\Items\ROIs">
      <UniqueIdentifier>{db12d3f5-0a99-4196-8271-e239e4657800}</UniqueIdentifier>
    </Filter>
    <Filter Include="Include\Items\Samples">
      <UniqueIdentifier>{9417f72a-734e-470a-a0cd-38c397432540}</UniqueIdentifier>
    </Filter>
    <Filter Include="Include\Items\Symbols">
      <UniqueIdentifier>{3cbb8c8c-5fe1-44f2-b6a9-111145df9175}</UniqueIdentifier>
    </Filter>
    <Filter Include="Utils">
      <UniqueIdentifier>{4ffdb706-b97a-4932-b83e-aca119ebe3ff}</UniqueIdentifier>
    </Filter>
    <Filter Include="default_runs">
      <UniqueIdentifier>{c783898d-01a2-4c82-a664-db6eda00f823}</UniqueIdentifier>
    </Filter>
    <Filter Include="Utils\Rects">
      <UniqueIdentifier>{e12d9b1f-fab6-4496-ade4-f28588648dfc}</UniqueIdentifier>
    </Filter>
  </ItemGroup>
  <ItemGroup>
    <ClInclude Include="Include\Items\Samples\FloatThresholdingItem.h">
      <Filter>Include\Items\Samples</Filter>
    </ClInclude>
    <ClInclude Include="Include\Items\Samples\RandomFloatImageItem.h">
      <Filter>Include\Items\Samples</Filter>
    </ClInclude>
    <ClInclude Include="Include\Items\Samples\SampleItem0.h">
      <Filter>Include\Items\Samples</Filter>
    </ClInclude>
    <ClInclude Include="Include\Items\FactoryRegister.h">
      <Filter>Include\Items</Filter>
    </ClInclude>
    <ClInclude Include="Include\Items\ItemBase.h">
      <Filter>Include\Items</Filter>
    </ClInclude>
    <ClInclude Include="Include\Items\ItemFactory.h">
      <Filter>Include\Items</Filter>
    </ClInclude>
    <ClInclude Include="Include\Properties\InputProperty.h">
      <Filter>Include\Properties</Filter>
    </ClInclude>
    <ClInclude Include="Include\Properties\OutputProperty.h">
      <Filter>Include\Properties</Filter>
    </ClInclude>
    <ClInclude Include="Include\Properties\PropertyBase.h">
      <Filter>Include\Properties</Filter>
    </ClInclude>
    <ClInclude Include="Include\Properties\PropertyGroup.h">
      <Filter>Include\Properties</Filter>
    </ClInclude>
    <ClInclude Include="Include\Properties\StaticProperty.h">
      <Filter>Include\Properties</Filter>
    </ClInclude>
    <ClInclude Include="Include\IMapableData.h">
      <Filter>Include</Filter>
    </ClInclude>
    <ClInclude Include="Include\IRunAble.h">
      <Filter>Include</Filter>
    </ClInclude>
    <ClInclude Include="Include\nTest.h">
      <Filter>Include</Filter>
    </ClInclude>
    <ClInclude Include="Include\Documents\ArrayMemoryPool.h">
      <Filter>Include\Documents</Filter>
    </ClInclude>
    <ClInclude Include="Include\Documents\Document.h">
      <Filter>Include\Documents</Filter>
    </ClInclude>
    <ClInclude Include="Include\Computables\IComputable.h">
      <Filter>Include\Computables</Filter>
    </ClInclude>
    <ClInclude Include="Include\Computables\Image.h">
      <Filter>Include\Computables</Filter>
    </ClInclude>
    <ClInclude Include="Include\Computables\Real.h">
      <Filter>Include\Computables</Filter>
    </ClInclude>
    <ClInclude Include="Utils\UniqueIDs\GUIDGen.h">
      <Filter>Utils</Filter>
    </ClInclude>
    <ClInclude Include="Include\Items\Images\StreamImageItem.h">
      <Filter>Include\Items\Images</Filter>
    </ClInclude>
    <ClInclude Include="Include\Computables\ImagePointer.h">
      <Filter>Include\Computables</Filter>
    </ClInclude>
    <ClInclude Include="pch.h">
      <Filter>default_runs</Filter>
    </ClInclude>
    <ClInclude Include="framework.h">
      <Filter>default_runs</Filter>
    </ClInclude>
    <ClInclude Include="Include\Computables\ROI.h">
      <Filter>Include\Computables</Filter>
    </ClInclude>
    <ClInclude Include="Include\Items\Images\NoiseFilterItem.h">
      <Filter>Include\Items\Images</Filter>
    </ClInclude>
    <ClInclude Include="Include\Items\Images\BinarizationItem.h">
      <Filter>Include\Items\Images</Filter>
    </ClInclude>
    <ClInclude Include="Include\Items\Images\FillImageItem.h">
      <Filter>Include\Items\Images</Filter>
    </ClInclude>
    <ClInclude Include="Include\Items\Images\MorphologyFilterItem.h">
      <Filter>Include\Items\Images</Filter>
    </ClInclude>
    <ClInclude Include="Include\Items\Numericals\BlobItem.h">
      <Filter>Include\Items\Numericals</Filter>
    </ClInclude>
    <ClInclude Include="Include\Items\Numericals\EdgeDetectItem.h">
      <Filter>Include\Items\Numericals</Filter>
    </ClInclude>
    <ClInclude Include="Include\Items\Images\InvertedImageItem.h">
      <Filter>Include\Items\Images</Filter>
    </ClInclude>
    <ClInclude Include="Utils\Rects\Rectangle.h">
      <Filter>Utils\Rects</Filter>
    </ClInclude>
    <ClInclude Include="Utils\Rects\RectangleF.h">
      <Filter>Utils\Rects</Filter>
    </ClInclude>
    <ClInclude Include="Include\Computables\Combo.h">
      <Filter>Include\Computables</Filter>
    </ClInclude>
    <ClInclude Include="Include\Items\ROIs\ROIItem.h">
      <Filter>Include\Items\ROIs</Filter>
    </ClInclude>
    <ClInclude Include="Include\Items\Images\ZmapItem.h">
      <Filter>Include\Items\Images</Filter>
    </ClInclude>
    <ClInclude Include="Include\Properties\IQueryAbleProperty.h">
      <Filter>Include\Properties</Filter>
    </ClInclude>
  </ItemGroup>
  <ItemGroup>
    <ClCompile Include="Include\nTest.cpp">
      <Filter>Include</Filter>
    </ClCompile>
    <ClCompile Include="Utils\UniqueIDs\GUIDGen.cpp">
      <Filter>Utils</Filter>
    </ClCompile>
    <ClCompile Include="pch.cpp">
      <Filter>default_runs</Filter>
    </ClCompile>
    <ClCompile Include="dllmain.cpp">
      <Filter>default_runs</Filter>
    </ClCompile>
    <ClCompile Include="Include\Computables\IComputable.cpp">
      <Filter>Include\Computables</Filter>
    </ClCompile>
    <ClCompile Include="Include\Computables\Image.cpp">
      <Filter>Include\Computables</Filter>
    </ClCompile>
    <ClCompile Include="Include\Computables\ImagePointer.cpp">
      <Filter>Include\Computables</Filter>
    </ClCompile>
    <ClCompile Include="Include\Computables\Real.cpp">
      <Filter>Include\Computables</Filter>
    </ClCompile>
    <ClCompile Include="Include\Computables\ROI.cpp">
      <Filter>Include\Computables</Filter>
    </ClCompile>
    <ClCompile Include="Include\Documents\ArrayMemoryPool.cpp">
      <Filter>Include\Documents</Filter>
    </ClCompile>
    <ClCompile Include="Include\Documents\Document.cpp">
      <Filter>Include\Documents</Filter>
    </ClCompile>
    <ClCompile Include="Include\Items\Images\BinarizationItem.cpp">
      <Filter>Include\Items\Images</Filter>
    </ClCompile>
    <ClCompile Include="Include\Items\Images\FillImageItem.cpp">
      <Filter>Include\Items\Images</Filter>
    </ClCompile>
    <ClCompile Include="Include\Items\Images\InvertedImageItem.cpp">
      <Filter>Include\Items\Images</Filter>
    </ClCompile>
    <ClCompile Include="Include\Items\Images\MorphologyFilterItem.cpp">
      <Filter>Include\Items\Images</Filter>
    </ClCompile>
    <ClCompile Include="Include\Items\Images\NoiseFilterItem.cpp">
      <Filter>Include\Items\Images</Filter>
    </ClCompile>
    <ClCompile Include="Include\Items\Images\StreamImageItem.cpp">
      <Filter>Include\Items\Images</Filter>
    </ClCompile>
    <ClCompile Include="Include\Items\Numericals\BlobItem.cpp">
      <Filter>Include\Items\Numericals</Filter>
    </ClCompile>
    <ClCompile Include="Include\Items\Numericals\EdgeDetectItem.cpp">
      <Filter>Include\Items\Numericals</Filter>
    </ClCompile>
    <ClCompile Include="Include\Items\Samples\FloatThresholdingItem.cpp">
      <Filter>Include\Items\Samples</Filter>
    </ClCompile>
    <ClCompile Include="Include\Items\Samples\RandomFloatImageItem.cpp">
      <Filter>Include\Items\Samples</Filter>
    </ClCompile>
    <ClCompile Include="Include\Items\Samples\SampleItem0.cpp">
      <Filter>Include\Items\Samples</Filter>
    </ClCompile>
    <ClCompile Include="Include\Items\ItemBase.cpp">
      <Filter>Include\Items</Filter>
    </ClCompile>
    <ClCompile Include="Include\Items\ItemFactory.cpp">
      <Filter>Include\Items</Filter>
    </ClCompile>
    <ClCompile Include="Include\Items\ItemFactory.Def.Criterias.cpp">
      <Filter>Include\Items</Filter>
    </ClCompile>
    <ClCompile Include="Include\Items\ItemFactory.Def.Images.cpp">
      <Filter>Include\Items</Filter>
    </ClCompile>
    <ClCompile Include="Include\Items\ItemFactory.Def.InspInfos.cpp">
      <Filter>Include\Items</Filter>
    </ClCompile>
    <ClCompile Include="Include\Items\ItemFactory.Def.Numericals.cpp">
      <Filter>Include\Items</Filter>
    </ClCompile>
    <ClCompile Include="Include\Items\ItemFactory.Def.ROIs.cpp">
      <Filter>Include\Items</Filter>
    </ClCompile>
    <ClCompile Include="Include\Items\ItemFactory.Def.Samples.cpp">
      <Filter>Include\Items</Filter>
    </ClCompile>
    <ClCompile Include="Include\Items\ItemFactory.Def.Symbols.cpp">
      <Filter>Include\Items</Filter>
    </ClCompile>
    <ClCompile Include="Include\Properties\InputProperty.cpp">
      <Filter>Include\Properties</Filter>
    </ClCompile>
    <ClCompile Include="Include\Properties\OutputProperty.cpp">
      <Filter>Include\Properties</Filter>
    </ClCompile>
    <ClCompile Include="Include\Properties\PropertyBase.cpp">
      <Filter>Include\Properties</Filter>
    </ClCompile>
    <ClCompile Include="Include\Properties\PropertyGroup.cpp">
      <Filter>Include\Properties</Filter>
    </ClCompile>
    <ClCompile Include="Include\Properties\StaticProperty.cpp">
      <Filter>Include\Properties</Filter>
    </ClCompile>
    <ClCompile Include="Include\IRunAble.cpp">
      <Filter>Include</Filter>
    </ClCompile>
    <ClCompile Include="Include\IMapableData.cpp">
      <Filter>Include</Filter>
    </ClCompile>
    <ClCompile Include="Utils\Rects\Rectangle.cpp">
      <Filter>Utils\Rects</Filter>
    </ClCompile>
    <ClCompile Include="Utils\Rects\RectangleF.cpp">
      <Filter>Utils\Rects</Filter>
    </ClCompile>
    <ClCompile Include="Include\Computables\Combo.cpp">
      <Filter>Include\Computables</Filter>
    </ClCompile>
    <ClCompile Include="Include\Items\ROIs\ROIItem.cpp">
      <Filter>Include\Items\ROIs</Filter>
    </ClCompile>
    <ClCompile Include="Include\Items\Images\ZmapItem.cpp">
      <Filter>Include\Items\Images</Filter>
    </ClCompile>
    <ClCompile Include="Include\Properties\IQueryAbleProperty.cpp">
      <Filter>Include\Properties</Filter>
    </ClCompile>
  </ItemGroup>
</Project>